# This file is @generated by PDM.
# It is not intended for manual editing.

[metadata]
groups = ["default"]
strategy = ["inherit_metadata"]
lock_version = "4.5.0"
content_hash = "sha256:685424599a3f4867d2e21d47cbf9f61656754518b2e0cd71725296b4220f46de"

[[metadata.targets]]
requires_python = "==3.12.*"

[[package]]
name = "annotated-types"
version = "0.7.0"
requires_python = ">=3.8"
summary = "Reusable constraint types to use with typing.Annotated"
groups = ["default"]
dependencies = [
    "typing-extensions>=4.0.0; python_version < \"3.9\"",
]
files = [
    {file = "annotated_types-0.7.0-py3-none-any.whl", hash = "sha256:1f02e8b43a8fbbc3f3e0d4f0f4bfc8131bcb4eebe8849b8e5c773f3a1c582a53"},
    {file = "annotated_types-0.7.0.tar.gz", hash = "sha256:aff07c09a53a08bc8cfccb9c85b05f1aa9a2a6f23728d790723543408344ce89"},
]

[[package]]
name = "anyio"
version = "4.6.2.post1"
requires_python = ">=3.9"
summary = "High level compatibility layer for multiple asynchronous event loop implementations"
groups = ["default"]
dependencies = [
    "exceptiongroup>=1.0.2; python_version < \"3.11\"",
    "idna>=2.8",
    "sniffio>=1.1",
    "typing-extensions>=4.1; python_version < \"3.11\"",
]
files = [
    {file = "anyio-4.6.2.post1-py3-none-any.whl", hash = "sha256:6d170c36fba3bdd840c73d3868c1e777e33676a69c3a72cf0a0d5d6d8009b61d"},
    {file = "anyio-4.6.2.post1.tar.gz", hash = "sha256:4c8bc31ccdb51c7f7bd251f51c609e038d63e34219b44aa86e47576389880b4c"},
]

[[package]]
name = "asyncpg"
version = "0.30.0"
requires_python = ">=3.8.0"
summary = "An asyncio PostgreSQL driver"
groups = ["default"]
dependencies = [
    "async-timeout>=4.0.3; python_version < \"3.11.0\"",
]
files = [
    {file = "asyncpg-0.30.0-cp312-cp312-macosx_10_13_x86_64.whl", hash = "sha256:c902a60b52e506d38d7e80e0dd5399f657220f24635fee368117b8b5fce1142e"},
    {file = "asyncpg-0.30.0-cp312-cp312-macosx_11_0_arm64.whl", hash = "sha256:aca1548e43bbb9f0f627a04666fedaca23db0a31a84136ad1f868cb15deb6e3a"},
    {file = "asyncpg-0.30.0-cp312-cp312-manylinux_2_17_aarch64.manylinux2014_aarch64.whl", hash = "sha256:6c2a2ef565400234a633da0eafdce27e843836256d40705d83ab7ec42074efb3"},
    {file = "asyncpg-0.30.0-cp312-cp312-manylinux_2_17_x86_64.manylinux2014_x86_64.whl", hash = "sha256:1292b84ee06ac8a2ad8e51c7475aa309245874b61333d97411aab835c4a2f737"},
    {file = "asyncpg-0.30.0-cp312-cp312-musllinux_1_2_aarch64.whl", hash = "sha256:0f5712350388d0cd0615caec629ad53c81e506b1abaaf8d14c93f54b35e3595a"},
    {file = "asyncpg-0.30.0-cp312-cp312-musllinux_1_2_x86_64.whl", hash = "sha256:db9891e2d76e6f425746c5d2da01921e9a16b5a71a1c905b13f30e12a257c4af"},
    {file = "asyncpg-0.30.0-cp312-cp312-win32.whl", hash = "sha256:68d71a1be3d83d0570049cd1654a9bdfe506e794ecc98ad0873304a9f35e411e"},
    {file = "asyncpg-0.30.0-cp312-cp312-win_amd64.whl", hash = "sha256:9a0292c6af5c500523949155ec17b7fe01a00ace33b68a476d6b5059f9630305"},
    {file = "asyncpg-0.30.0.tar.gz", hash = "sha256:c551e9928ab6707602f44811817f82ba3c446e018bfe1d3abecc8ba5f3eac851"},
]

[[package]]
name = "attrs"
version = "24.3.0"
requires_python = ">=3.8"
summary = "Classes Without Boilerplate"
groups = ["default"]
files = [
    {file = "attrs-24.3.0-py3-none-any.whl", hash = "sha256:ac96cd038792094f438ad1f6ff80837353805ac950cd2aa0e0625ef19850c308"},
    {file = "attrs-24.3.0.tar.gz", hash = "sha256:8f5c07333d543103541ba7be0e2ce16eeee8130cb0b3f9238ab904ce1e85baff"},
]

[[package]]
name = "bcrypt"
version = "4.2.1"
requires_python = ">=3.7"
summary = "Modern password hashing for your software and your servers"
groups = ["default"]
files = [
    {file = "bcrypt-4.2.1-cp37-abi3-macosx_10_12_universal2.whl", hash = "sha256:1340411a0894b7d3ef562fb233e4b6ed58add185228650942bdc885362f32c17"},
    {file = "bcrypt-4.2.1-cp37-abi3-manylinux_2_17_aarch64.manylinux2014_aarch64.whl", hash = "sha256:b1ee315739bc8387aa36ff127afc99120ee452924e0df517a8f3e4c0187a0f5f"},
    {file = "bcrypt-4.2.1-cp37-abi3-manylinux_2_17_x86_64.manylinux2014_x86_64.whl", hash = "sha256:8dbd0747208912b1e4ce730c6725cb56c07ac734b3629b60d4398f082ea718ad"},
    {file = "bcrypt-4.2.1-cp37-abi3-manylinux_2_28_aarch64.whl", hash = "sha256:aaa2e285be097050dba798d537b6efd9b698aa88eef52ec98d23dcd6d7cf6fea"},
    {file = "bcrypt-4.2.1-cp37-abi3-manylinux_2_28_x86_64.whl", hash = "sha256:76d3e352b32f4eeb34703370e370997065d28a561e4a18afe4fef07249cb4396"},
    {file = "bcrypt-4.2.1-cp37-abi3-musllinux_1_1_aarch64.whl", hash = "sha256:b7703ede632dc945ed1172d6f24e9f30f27b1b1a067f32f68bf169c5f08d0425"},
    {file = "bcrypt-4.2.1-cp37-abi3-musllinux_1_1_x86_64.whl", hash = "sha256:89df2aea2c43be1e1fa066df5f86c8ce822ab70a30e4c210968669565c0f4685"},
    {file = "bcrypt-4.2.1-cp37-abi3-musllinux_1_2_aarch64.whl", hash = "sha256:04e56e3fe8308a88b77e0afd20bec516f74aecf391cdd6e374f15cbed32783d6"},
    {file = "bcrypt-4.2.1-cp37-abi3-musllinux_1_2_x86_64.whl", hash = "sha256:cfdf3d7530c790432046c40cda41dfee8c83e29482e6a604f8930b9930e94139"},
    {file = "bcrypt-4.2.1-cp37-abi3-win32.whl", hash = "sha256:adadd36274510a01f33e6dc08f5824b97c9580583bd4487c564fc4617b328005"},
    {file = "bcrypt-4.2.1-cp37-abi3-win_amd64.whl", hash = "sha256:8c458cd103e6c5d1d85cf600e546a639f234964d0228909d8f8dbeebff82d526"},
    {file = "bcrypt-4.2.1-cp39-abi3-macosx_10_12_universal2.whl", hash = "sha256:8ad2f4528cbf0febe80e5a3a57d7a74e6635e41af1ea5675282a33d769fba413"},
    {file = "bcrypt-4.2.1-cp39-abi3-manylinux_2_17_aarch64.manylinux2014_aarch64.whl", hash = "sha256:909faa1027900f2252a9ca5dfebd25fc0ef1417943824783d1c8418dd7d6df4a"},
    {file = "bcrypt-4.2.1-cp39-abi3-manylinux_2_17_x86_64.manylinux2014_x86_64.whl", hash = "sha256:cde78d385d5e93ece5479a0a87f73cd6fa26b171c786a884f955e165032b262c"},
    {file = "bcrypt-4.2.1-cp39-abi3-manylinux_2_28_aarch64.whl", hash = "sha256:533e7f3bcf2f07caee7ad98124fab7499cb3333ba2274f7a36cf1daee7409d99"},
    {file = "bcrypt-4.2.1-cp39-abi3-manylinux_2_28_x86_64.whl", hash = "sha256:687cf30e6681eeda39548a93ce9bfbb300e48b4d445a43db4298d2474d2a1e54"},
    {file = "bcrypt-4.2.1-cp39-abi3-musllinux_1_1_aarch64.whl", hash = "sha256:041fa0155c9004eb98a232d54da05c0b41d4b8e66b6fc3cb71b4b3f6144ba837"},
    {file = "bcrypt-4.2.1-cp39-abi3-musllinux_1_1_x86_64.whl", hash = "sha256:f85b1ffa09240c89aa2e1ae9f3b1c687104f7b2b9d2098da4e923f1b7082d331"},
    {file = "bcrypt-4.2.1-cp39-abi3-musllinux_1_2_aarch64.whl", hash = "sha256:c6f5fa3775966cca251848d4d5393ab016b3afed251163c1436fefdec3b02c84"},
    {file = "bcrypt-4.2.1-cp39-abi3-musllinux_1_2_x86_64.whl", hash = "sha256:807261df60a8b1ccd13e6599c779014a362ae4e795f5c59747f60208daddd96d"},
    {file = "bcrypt-4.2.1-cp39-abi3-win32.whl", hash = "sha256:b588af02b89d9fad33e5f98f7838bf590d6d692df7153647724a7f20c186f6bf"},
    {file = "bcrypt-4.2.1-cp39-abi3-win_amd64.whl", hash = "sha256:e84e0e6f8e40a242b11bce56c313edc2be121cec3e0ec2d76fce01f6af33c07c"},
    {file = "bcrypt-4.2.1.tar.gz", hash = "sha256:6765386e3ab87f569b276988742039baab087b2cdb01e809d74e74503c2faafe"},
]

[[package]]
name = "certifi"
version = "2024.12.14"
requires_python = ">=3.6"
summary = "Python package for providing Mozilla's CA Bundle."
groups = ["default"]
files = [
    {file = "certifi-2024.12.14-py3-none-any.whl", hash = "sha256:1275f7a45be9464efc1173084eaa30f866fe2e47d389406136d332ed4967ec56"},
    {file = "certifi-2024.12.14.tar.gz", hash = "sha256:b650d30f370c2b724812bee08008be0c4163b163ddaec3f2546c1caf65f191db"},
]

[[package]]
name = "cffi"
version = "1.17.1"
requires_python = ">=3.8"
summary = "Foreign Function Interface for Python calling C code."
groups = ["default"]
dependencies = [
    "pycparser",
]
files = [
    {file = "cffi-1.17.1-cp312-cp312-macosx_10_9_x86_64.whl", hash = "sha256:805b4371bf7197c329fcb3ead37e710d1bca9da5d583f5073b799d5c5bd1eee4"},
    {file = "cffi-1.17.1-cp312-cp312-macosx_11_0_arm64.whl", hash = "sha256:733e99bc2df47476e3848417c5a4540522f234dfd4ef3ab7fafdf555b082ec0c"},
    {file = "cffi-1.17.1-cp312-cp312-manylinux_2_12_i686.manylinux2010_i686.manylinux_2_17_i686.manylinux2014_i686.whl", hash = "sha256:1257bdabf294dceb59f5e70c64a3e2f462c30c7ad68092d01bbbfb1c16b1ba36"},
    {file = "cffi-1.17.1-cp312-cp312-manylinux_2_17_aarch64.manylinux2014_aarch64.whl", hash = "sha256:da95af8214998d77a98cc14e3a3bd00aa191526343078b530ceb0bd710fb48a5"},
    {file = "cffi-1.17.1-cp312-cp312-manylinux_2_17_ppc64le.manylinux2014_ppc64le.whl", hash = "sha256:d63afe322132c194cf832bfec0dc69a99fb9bb6bbd550f161a49e9e855cc78ff"},
    {file = "cffi-1.17.1-cp312-cp312-manylinux_2_17_s390x.manylinux2014_s390x.whl", hash = "sha256:f79fc4fc25f1c8698ff97788206bb3c2598949bfe0fef03d299eb1b5356ada99"},
    {file = "cffi-1.17.1-cp312-cp312-manylinux_2_17_x86_64.manylinux2014_x86_64.whl", hash = "sha256:b62ce867176a75d03a665bad002af8e6d54644fad99a3c70905c543130e39d93"},
    {file = "cffi-1.17.1-cp312-cp312-musllinux_1_1_aarch64.whl", hash = "sha256:386c8bf53c502fff58903061338ce4f4950cbdcb23e2902d86c0f722b786bbe3"},
    {file = "cffi-1.17.1-cp312-cp312-musllinux_1_1_x86_64.whl", hash = "sha256:4ceb10419a9adf4460ea14cfd6bc43d08701f0835e979bf821052f1805850fe8"},
    {file = "cffi-1.17.1-cp312-cp312-win32.whl", hash = "sha256:a08d7e755f8ed21095a310a693525137cfe756ce62d066e53f502a83dc550f65"},
    {file = "cffi-1.17.1-cp312-cp312-win_amd64.whl", hash = "sha256:51392eae71afec0d0c8fb1a53b204dbb3bcabcb3c9b807eedf3e1e6ccf2de903"},
    {file = "cffi-1.17.1.tar.gz", hash = "sha256:1c39c6016c32bc48dd54561950ebd6836e1670f2ae46128f67cf49e789c52824"},
]

[[package]]
name = "click"
version = "8.1.7"
requires_python = ">=3.7"
summary = "Composable command line interface toolkit"
groups = ["default"]
dependencies = [
    "colorama; platform_system == \"Windows\"",
    "importlib-metadata; python_version < \"3.8\"",
]
files = [
    {file = "click-8.1.7-py3-none-any.whl", hash = "sha256:ae74fb96c20a0277a1d615f1e4d73c8414f5a98db8b799a7931d1582f3390c28"},
    {file = "click-8.1.7.tar.gz", hash = "sha256:ca9853ad459e787e2192211578cc907e7594e294c7ccc834310722b41b9ca6de"},
]

[[package]]
name = "colorama"
version = "0.4.6"
requires_python = "!=3.0.*,!=3.1.*,!=3.2.*,!=3.3.*,!=3.4.*,!=3.5.*,!=3.6.*,>=2.7"
summary = "Cross-platform colored terminal text."
groups = ["default"]
marker = "platform_system == \"Windows\""
files = [
    {file = "colorama-0.4.6-py2.py3-none-any.whl", hash = "sha256:4f1d9991f5acc0ca119f9d443620b77f9d6b33703e51011c16baf57afb285fc6"},
    {file = "colorama-0.4.6.tar.gz", hash = "sha256:08695f5cb7ed6e0531a20572697297273c47b8cae5a63ffc6d6ed5c201be6e44"},
]

[[package]]
name = "coverage"
version = "7.6.10"
requires_python = ">=3.9"
summary = "Code coverage measurement for Python"
groups = ["default"]
files = [
    {file = "coverage-7.6.10-cp312-cp312-macosx_10_13_x86_64.whl", hash = "sha256:27c6e64726b307782fa5cbe531e7647aee385a29b2107cd87ba7c0105a5d3853"},
    {file = "coverage-7.6.10-cp312-cp312-macosx_11_0_arm64.whl", hash = "sha256:c56e097019e72c373bae32d946ecf9858fda841e48d82df7e81c63ac25554078"},
    {file = "coverage-7.6.10-cp312-cp312-manylinux_2_17_aarch64.manylinux2014_aarch64.whl", hash = "sha256:c7827a5bc7bdb197b9e066cdf650b2887597ad124dd99777332776f7b7c7d0d0"},
    {file = "coverage-7.6.10-cp312-cp312-manylinux_2_5_i686.manylinux1_i686.manylinux_2_17_i686.manylinux2014_i686.whl", hash = "sha256:204a8238afe787323a8b47d8be4df89772d5c1e4651b9ffa808552bdf20e1d50"},
    {file = "coverage-7.6.10-cp312-cp312-manylinux_2_5_x86_64.manylinux1_x86_64.manylinux_2_17_x86_64.manylinux2014_x86_64.whl", hash = "sha256:e67926f51821b8e9deb6426ff3164870976fe414d033ad90ea75e7ed0c2e5022"},
    {file = "coverage-7.6.10-cp312-cp312-musllinux_1_2_aarch64.whl", hash = "sha256:e78b270eadb5702938c3dbe9367f878249b5ef9a2fcc5360ac7bff694310d17b"},
    {file = "coverage-7.6.10-cp312-cp312-musllinux_1_2_i686.whl", hash = "sha256:714f942b9c15c3a7a5fe6876ce30af831c2ad4ce902410b7466b662358c852c0"},
    {file = "coverage-7.6.10-cp312-cp312-musllinux_1_2_x86_64.whl", hash = "sha256:abb02e2f5a3187b2ac4cd46b8ced85a0858230b577ccb2c62c81482ca7d18852"},
    {file = "coverage-7.6.10-cp312-cp312-win32.whl", hash = "sha256:55b201b97286cf61f5e76063f9e2a1d8d2972fc2fcfd2c1272530172fd28c359"},
    {file = "coverage-7.6.10-cp312-cp312-win_amd64.whl", hash = "sha256:e4ae5ac5e0d1e4edfc9b4b57b4cbecd5bc266a6915c500f358817a8496739247"},
    {file = "coverage-7.6.10.tar.gz", hash = "sha256:7fb105327c8f8f0682e29843e2ff96af9dcbe5bab8eeb4b398c6a33a16d80a23"},
]

[[package]]
name = "databases"
version = "0.9.0"
requires_python = ">=3.8"
summary = "Async database support for Python."
groups = ["default"]
dependencies = [
    "sqlalchemy>=2.0.7",
]
files = [
    {file = "databases-0.9.0-py3-none-any.whl", hash = "sha256:9ee657c9863b34f8d3a06c06eafbe1bda68af2a434b56996312edf1f1c0b6297"},
    {file = "databases-0.9.0.tar.gz", hash = "sha256:d2f259677609bf187737644c95fa41701072e995dfeb8d2882f335795c5b61b0"},
]

[[package]]
name = "fastapi"
version = "0.115.6"
requires_python = ">=3.8"
summary = "FastAPI framework, high performance, easy to learn, fast to code, ready for production"
groups = ["default"]
dependencies = [
    "pydantic!=1.8,!=1.8.1,!=2.0.0,!=2.0.1,!=2.1.0,<3.0.0,>=1.7.4",
    "starlette<0.42.0,>=0.40.0",
    "typing-extensions>=4.8.0",
]
files = [
    {file = "fastapi-0.115.6-py3-none-any.whl", hash = "sha256:e9240b29e36fa8f4bb7290316988e90c381e5092e0cbe84e7818cc3713bcf305"},
    {file = "fastapi-0.115.6.tar.gz", hash = "sha256:9ec46f7addc14ea472958a96aae5b5de65f39721a46aaf5705c480d9a8b76654"},
]

[[package]]
name = "greenlet"
version = "3.1.1"
requires_python = ">=3.7"
summary = "Lightweight in-process concurrent programming"
groups = ["default"]
marker = "(platform_machine == \"win32\" or platform_machine == \"WIN32\" or platform_machine == \"AMD64\" or platform_machine == \"amd64\" or platform_machine == \"x86_64\" or platform_machine == \"ppc64le\" or platform_machine == \"aarch64\") and python_version < \"3.13\""
files = [
    {file = "greenlet-3.1.1-cp312-cp312-macosx_11_0_universal2.whl", hash = "sha256:4afe7ea89de619adc868e087b4d2359282058479d7cfb94970adf4b55284574d"},
    {file = "greenlet-3.1.1-cp312-cp312-manylinux_2_17_aarch64.manylinux2014_aarch64.whl", hash = "sha256:f406b22b7c9a9b4f8aa9d2ab13d6ae0ac3e85c9a809bd590ad53fed2bf70dc79"},
    {file = "greenlet-3.1.1-cp312-cp312-manylinux_2_17_ppc64le.manylinux2014_ppc64le.whl", hash = "sha256:c3a701fe5a9695b238503ce5bbe8218e03c3bcccf7e204e455e7462d770268aa"},
    {file = "greenlet-3.1.1-cp312-cp312-manylinux_2_17_s390x.manylinux2014_s390x.whl", hash = "sha256:2846930c65b47d70b9d178e89c7e1a69c95c1f68ea5aa0a58646b7a96df12441"},
    {file = "greenlet-3.1.1-cp312-cp312-manylinux_2_17_x86_64.manylinux2014_x86_64.whl", hash = "sha256:99cfaa2110534e2cf3ba31a7abcac9d328d1d9f1b95beede58294a60348fba36"},
    {file = "greenlet-3.1.1-cp312-cp312-manylinux_2_24_x86_64.manylinux_2_28_x86_64.whl", hash = "sha256:1443279c19fca463fc33e65ef2a935a5b09bb90f978beab37729e1c3c6c25fe9"},
    {file = "greenlet-3.1.1-cp312-cp312-musllinux_1_1_aarch64.whl", hash = "sha256:b7cede291382a78f7bb5f04a529cb18e068dd29e0fb27376074b6d0317bf4dd0"},
    {file = "greenlet-3.1.1-cp312-cp312-musllinux_1_1_x86_64.whl", hash = "sha256:23f20bb60ae298d7d8656c6ec6db134bca379ecefadb0b19ce6f19d1f232a942"},
    {file = "greenlet-3.1.1-cp312-cp312-win_amd64.whl", hash = "sha256:7124e16b4c55d417577c2077be379514321916d5790fa287c9ed6f23bd2ffd01"},
    {file = "greenlet-3.1.1.tar.gz", hash = "sha256:4ce3ac6cdb6adf7946475d7ef31777c26d94bccc377e070a7986bd2d5c515467"},
]

[[package]]
name = "h11"
version = "0.14.0"
requires_python = ">=3.7"
summary = "A pure-Python, bring-your-own-I/O implementation of HTTP/1.1"
groups = ["default"]
dependencies = [
    "typing-extensions; python_version < \"3.8\"",
]
files = [
    {file = "h11-0.14.0-py3-none-any.whl", hash = "sha256:e3fe4ac4b851c468cc8363d500db52c2ead036020723024a109d37346efaa761"},
    {file = "h11-0.14.0.tar.gz", hash = "sha256:8f19fbbe99e72420ff35c00b27a34cb9937e902a8b810e2c88300c6f0a3b699d"},
]

[[package]]
name = "httpcore"
version = "1.0.7"
requires_python = ">=3.8"
summary = "A minimal low-level HTTP client."
groups = ["default"]
dependencies = [
    "certifi",
    "h11<0.15,>=0.13",
]
files = [
    {file = "httpcore-1.0.7-py3-none-any.whl", hash = "sha256:a3fff8f43dc260d5bd363d9f9cf1830fa3a458b332856f34282de498ed420edd"},
    {file = "httpcore-1.0.7.tar.gz", hash = "sha256:8551cb62a169ec7162ac7be8d4817d561f60e08eaa485234898414bb5a8a0b4c"},
]

[[package]]
name = "httpx"
version = "0.28.1"
requires_python = ">=3.8"
summary = "The next generation HTTP client."
groups = ["default"]
dependencies = [
    "anyio",
    "certifi",
    "httpcore==1.*",
    "idna",
]
files = [
    {file = "httpx-0.28.1-py3-none-any.whl", hash = "sha256:d909fcccc110f8c7faf814ca82a9a4d816bc5a6dbfea25d6591d6985b8ba59ad"},
    {file = "httpx-0.28.1.tar.gz", hash = "sha256:75e98c5f16b0f35b567856f597f06ff2270a374470a5c2392242528e3e3e42fc"},
]

[[package]]
name = "idna"
version = "3.10"
requires_python = ">=3.6"
summary = "Internationalized Domain Names in Applications (IDNA)"
groups = ["default"]
files = [
    {file = "idna-3.10-py3-none-any.whl", hash = "sha256:946d195a0d259cbba61165e88e65941f16e9b36ea6ddb97f00452bae8b1287d3"},
    {file = "idna-3.10.tar.gz", hash = "sha256:12f65c9b470abda6dc35cf8e63cc574b1c52b11df2c86030af0ac09b01b13ea9"},
]

[[package]]
name = "outcome"
version = "1.3.0.post0"
requires_python = ">=3.7"
summary = "Capture the outcome of Python function calls."
groups = ["default"]
dependencies = [
    "attrs>=19.2.0",
]
files = [
    {file = "outcome-1.3.0.post0-py2.py3-none-any.whl", hash = "sha256:e771c5ce06d1415e356078d3bdd68523f284b4ce5419828922b6871e65eda82b"},
    {file = "outcome-1.3.0.post0.tar.gz", hash = "sha256:9dcf02e65f2971b80047b377468e72a268e15c0af3cf1238e6ff14f7f91143b8"},
]

[[package]]
name = "passlib"
version = "1.7.4"
summary = "comprehensive password hashing framework supporting over 30 schemes"
groups = ["default"]
files = [
    {file = "passlib-1.7.4-py2.py3-none-any.whl", hash = "sha256:aa6bca462b8d8bda89c70b382f0c298a20b5560af6cbfa2dce410c0a2fb669f1"},
    {file = "passlib-1.7.4.tar.gz", hash = "sha256:defd50f72b65c5402ab2c573830a6978e5f202ad0d984793c8dde2c4152ebe04"},
]

[[package]]
name = "passlib"
version = "1.7.4"
extras = ["bcrypt"]
summary = "comprehensive password hashing framework supporting over 30 schemes"
groups = ["default"]
dependencies = [
    "bcrypt>=3.1.0",
    "passlib==1.7.4",
]
files = [
    {file = "passlib-1.7.4-py2.py3-none-any.whl", hash = "sha256:aa6bca462b8d8bda89c70b382f0c298a20b5560af6cbfa2dce410c0a2fb669f1"},
    {file = "passlib-1.7.4.tar.gz", hash = "sha256:defd50f72b65c5402ab2c573830a6978e5f202ad0d984793c8dde2c4152ebe04"},
]

[[package]]
name = "psycopg2-binary"
version = "2.9.10"
requires_python = ">=3.8"
summary = "psycopg2 - Python-PostgreSQL Database Adapter"
groups = ["default"]
files = [
    {file = "psycopg2-binary-2.9.10.tar.gz", hash = "sha256:4b3df0e6990aa98acda57d983942eff13d824135fe2250e6522edaa782a06de2"},
    {file = "psycopg2_binary-2.9.10-cp312-cp312-macosx_12_0_x86_64.whl", hash = "sha256:880845dfe1f85d9d5f7c412efea7a08946a46894537e4e5d091732eb1d34d9a0"},
    {file = "psycopg2_binary-2.9.10-cp312-cp312-macosx_14_0_arm64.whl", hash = "sha256:9440fa522a79356aaa482aa4ba500b65f28e5d0e63b801abf6aa152a29bd842a"},
    {file = "psycopg2_binary-2.9.10-cp312-cp312-manylinux_2_17_aarch64.manylinux2014_aarch64.whl", hash = "sha256:e3923c1d9870c49a2d44f795df0c889a22380d36ef92440ff618ec315757e539"},
    {file = "psycopg2_binary-2.9.10-cp312-cp312-manylinux_2_17_i686.manylinux2014_i686.whl", hash = "sha256:7b2c956c028ea5de47ff3a8d6b3cc3330ab45cf0b7c3da35a2d6ff8420896526"},
    {file = "psycopg2_binary-2.9.10-cp312-cp312-manylinux_2_17_ppc64le.manylinux2014_ppc64le.whl", hash = "sha256:f758ed67cab30b9a8d2833609513ce4d3bd027641673d4ebc9c067e4d208eec1"},
    {file = "psycopg2_binary-2.9.10-cp312-cp312-manylinux_2_17_x86_64.manylinux2014_x86_64.whl", hash = "sha256:8cd9b4f2cfab88ed4a9106192de509464b75a906462fb846b936eabe45c2063e"},
    {file = "psycopg2_binary-2.9.10-cp312-cp312-musllinux_1_2_aarch64.whl", hash = "sha256:6dc08420625b5a20b53551c50deae6e231e6371194fa0651dbe0fb206452ae1f"},
    {file = "psycopg2_binary-2.9.10-cp312-cp312-musllinux_1_2_i686.whl", hash = "sha256:d7cd730dfa7c36dbe8724426bf5612798734bff2d3c3857f36f2733f5bfc7c00"},
    {file = "psycopg2_binary-2.9.10-cp312-cp312-musllinux_1_2_ppc64le.whl", hash = "sha256:155e69561d54d02b3c3209545fb08938e27889ff5a10c19de8d23eb5a41be8a5"},
    {file = "psycopg2_binary-2.9.10-cp312-cp312-musllinux_1_2_x86_64.whl", hash = "sha256:c3cc28a6fd5a4a26224007712e79b81dbaee2ffb90ff406256158ec4d7b52b47"},
    {file = "psycopg2_binary-2.9.10-cp312-cp312-win32.whl", hash = "sha256:ec8a77f521a17506a24a5f626cb2aee7850f9b69a0afe704586f63a464f3cd64"},
    {file = "psycopg2_binary-2.9.10-cp312-cp312-win_amd64.whl", hash = "sha256:18c5ee682b9c6dd3696dad6e54cc7ff3a1a9020df6a5c0f861ef8bfd338c3ca0"},
]

[[package]]
name = "pycparser"
version = "2.22"
requires_python = ">=3.8"
summary = "C parser in Python"
groups = ["default"]
files = [
    {file = "pycparser-2.22-py3-none-any.whl", hash = "sha256:c3702b6d3dd8c7abc1afa565d7e63d53a1d0bd86cdc24edd75470f4de499cfcc"},
    {file = "pycparser-2.22.tar.gz", hash = "sha256:491c8be9c040f5390f5bf44a5b07752bd07f56edf992381b05c701439eec10f6"},
]

[[package]]
name = "pydantic"
version = "2.10.3"
requires_python = ">=3.8"
summary = "Data validation using Python type hints"
groups = ["default"]
dependencies = [
    "annotated-types>=0.6.0",
    "pydantic-core==2.27.1",
    "typing-extensions>=4.12.2",
]
files = [
    {file = "pydantic-2.10.3-py3-none-any.whl", hash = "sha256:be04d85bbc7b65651c5f8e6b9976ed9c6f41782a55524cef079a34a0bb82144d"},
    {file = "pydantic-2.10.3.tar.gz", hash = "sha256:cb5ac360ce894ceacd69c403187900a02c4b20b693a9dd1d643e1effab9eadf9"},
]

[[package]]
name = "pydantic-core"
version = "2.27.1"
requires_python = ">=3.8"
summary = "Core functionality for Pydantic validation and serialization"
groups = ["default"]
dependencies = [
    "typing-extensions!=4.7.0,>=4.6.0",
]
files = [
    {file = "pydantic_core-2.27.1-cp312-cp312-macosx_10_12_x86_64.whl", hash = "sha256:9cbd94fc661d2bab2bc702cddd2d3370bbdcc4cd0f8f57488a81bcce90c7a54f"},
    {file = "pydantic_core-2.27.1-cp312-cp312-macosx_11_0_arm64.whl", hash = "sha256:5f8c4718cd44ec1580e180cb739713ecda2bdee1341084c1467802a417fe0f02"},
    {file = "pydantic_core-2.27.1-cp312-cp312-manylinux_2_17_aarch64.manylinux2014_aarch64.whl", hash = "sha256:15aae984e46de8d376df515f00450d1522077254ef6b7ce189b38ecee7c9677c"},
    {file = "pydantic_core-2.27.1-cp312-cp312-manylinux_2_17_armv7l.manylinux2014_armv7l.whl", hash = "sha256:1ba5e3963344ff25fc8c40da90f44b0afca8cfd89d12964feb79ac1411a260ac"},
    {file = "pydantic_core-2.27.1-cp312-cp312-manylinux_2_17_ppc64le.manylinux2014_ppc64le.whl", hash = "sha256:992cea5f4f3b29d6b4f7f1726ed8ee46c8331c6b4eed6db5b40134c6fe1768bb"},
    {file = "pydantic_core-2.27.1-cp312-cp312-manylinux_2_17_s390x.manylinux2014_s390x.whl", hash = "sha256:0325336f348dbee6550d129b1627cb8f5351a9dc91aad141ffb96d4937bd9529"},
    {file = "pydantic_core-2.27.1-cp312-cp312-manylinux_2_17_x86_64.manylinux2014_x86_64.whl", hash = "sha256:7597c07fbd11515f654d6ece3d0e4e5093edc30a436c63142d9a4b8e22f19c35"},
    {file = "pydantic_core-2.27.1-cp312-cp312-manylinux_2_5_i686.manylinux1_i686.whl", hash = "sha256:3bbd5d8cc692616d5ef6fbbbd50dbec142c7e6ad9beb66b78a96e9c16729b089"},
    {file = "pydantic_core-2.27.1-cp312-cp312-musllinux_1_1_aarch64.whl", hash = "sha256:dc61505e73298a84a2f317255fcc72b710b72980f3a1f670447a21efc88f8381"},
    {file = "pydantic_core-2.27.1-cp312-cp312-musllinux_1_1_armv7l.whl", hash = "sha256:e1f735dc43da318cad19b4173dd1ffce1d84aafd6c9b782b3abc04a0d5a6f5bb"},
    {file = "pydantic_core-2.27.1-cp312-cp312-musllinux_1_1_x86_64.whl", hash = "sha256:f4e5658dbffe8843a0f12366a4c2d1c316dbe09bb4dfbdc9d2d9cd6031de8aae"},
    {file = "pydantic_core-2.27.1-cp312-none-win32.whl", hash = "sha256:672ebbe820bb37988c4d136eca2652ee114992d5d41c7e4858cdd90ea94ffe5c"},
    {file = "pydantic_core-2.27.1-cp312-none-win_amd64.whl", hash = "sha256:66ff044fd0bb1768688aecbe28b6190f6e799349221fb0de0e6f4048eca14c16"},
    {file = "pydantic_core-2.27.1-cp312-none-win_arm64.whl", hash = "sha256:9a3b0793b1bbfd4146304e23d90045f2a9b5fd5823aa682665fbdaf2a6c28f3e"},
    {file = "pydantic_core-2.27.1.tar.gz", hash = "sha256:62a763352879b84aa31058fc931884055fd75089cccbd9d58bb6afd01141b235"},
]

[[package]]
name = "pyjwt"
version = "2.10.1"
requires_python = ">=3.9"
summary = "JSON Web Token implementation in Python"
groups = ["default"]
files = [
    {file = "PyJWT-2.10.1-py3-none-any.whl", hash = "sha256:dcdd193e30abefd5debf142f9adfcdd2b58004e644f25406ffaebd50bd98dacb"},
    {file = "pyjwt-2.10.1.tar.gz", hash = "sha256:3cc5772eb20009233caf06e9d8a0577824723b44e6648ee0a2aedb6cf9381953"},
]

[[package]]
name = "python-multipart"
version = "0.0.20"
requires_python = ">=3.8"
summary = "A streaming multipart parser for Python"
groups = ["default"]
files = [
    {file = "python_multipart-0.0.20-py3-none-any.whl", hash = "sha256:8a62d3a8335e06589fe01f2a3e178cdcc632f3fbe0d492ad9ee0ec35aab1f104"},
    {file = "python_multipart-0.0.20.tar.gz", hash = "sha256:8dd0cab45b8e23064ae09147625994d090fa46f5b0d1e13af944c331a7fa9d13"},
]

[[package]]
name = "sniffio"
version = "1.3.1"
requires_python = ">=3.7"
summary = "Sniff out which async library your code is running under"
groups = ["default"]
files = [
    {file = "sniffio-1.3.1-py3-none-any.whl", hash = "sha256:2f6da418d1f1e0fddd844478f41680e794e6051915791a034ff65e5f100525a2"},
    {file = "sniffio-1.3.1.tar.gz", hash = "sha256:f4324edc670a0f49750a81b895f35c3adb843cca46f0530f79fc1babb23789dc"},
]

[[package]]
name = "sortedcontainers"
version = "2.4.0"
summary = "Sorted Containers -- Sorted List, Sorted Dict, Sorted Set"
groups = ["default"]
files = [
    {file = "sortedcontainers-2.4.0-py2.py3-none-any.whl", hash = "sha256:a163dcaede0f1c021485e957a39245190e74249897e2ae4b2aa38595db237ee0"},
    {file = "sortedcontainers-2.4.0.tar.gz", hash = "sha256:25caa5a06cc30b6b83d11423433f65d1f9d76c4c6a0c90e3379eaa43b9bfdb88"},
]

[[package]]
name = "sqlalchemy"
version = "2.0.36"
requires_python = ">=3.7"
summary = "Database Abstraction Library"
groups = ["default"]
dependencies = [
    "greenlet!=0.4.17; (platform_machine == \"win32\" or platform_machine == \"WIN32\" or platform_machine == \"AMD64\" or platform_machine == \"amd64\" or platform_machine == \"x86_64\" or platform_machine == \"ppc64le\" or platform_machine == \"aarch64\") and python_version < \"3.13\"",
    "importlib-metadata; python_version < \"3.8\"",
    "typing-extensions>=4.6.0",
]
files = [
    {file = "SQLAlchemy-2.0.36-cp312-cp312-macosx_10_13_x86_64.whl", hash = "sha256:f7b64e6ec3f02c35647be6b4851008b26cff592a95ecb13b6788a54ef80bbdd4"},
    {file = "SQLAlchemy-2.0.36-cp312-cp312-macosx_11_0_arm64.whl", hash = "sha256:46331b00096a6db1fdc052d55b101dbbfc99155a548e20a0e4a8e5e4d1362855"},
    {file = "SQLAlchemy-2.0.36-cp312-cp312-manylinux_2_17_aarch64.manylinux2014_aarch64.whl", hash = "sha256:fdf3386a801ea5aba17c6410dd1dc8d39cf454ca2565541b5ac42a84e1e28f53"},
    {file = "SQLAlchemy-2.0.36-cp312-cp312-manylinux_2_17_x86_64.manylinux2014_x86_64.whl", hash = "sha256:ac9dfa18ff2a67b09b372d5db8743c27966abf0e5344c555d86cc7199f7ad83a"},
    {file = "SQLAlchemy-2.0.36-cp312-cp312-musllinux_1_2_aarch64.whl", hash = "sha256:90812a8933df713fdf748b355527e3af257a11e415b613dd794512461eb8a686"},
    {file = "SQLAlchemy-2.0.36-cp312-cp312-musllinux_1_2_x86_64.whl", hash = "sha256:1bc330d9d29c7f06f003ab10e1eaced295e87940405afe1b110f2eb93a233588"},
    {file = "SQLAlchemy-2.0.36-cp312-cp312-win32.whl", hash = "sha256:79d2e78abc26d871875b419e1fd3c0bca31a1cb0043277d0d850014599626c2e"},
    {file = "SQLAlchemy-2.0.36-cp312-cp312-win_amd64.whl", hash = "sha256:b544ad1935a8541d177cb402948b94e871067656b3a0b9e91dbec136b06a2ff5"},
    {file = "SQLAlchemy-2.0.36-py3-none-any.whl", hash = "sha256:fddbe92b4760c6f5d48162aef14824add991aeda8ddadb3c31d56eb15ca69f8e"},
    {file = "sqlalchemy-2.0.36.tar.gz", hash = "sha256:7f2767680b6d2398aea7082e45a774b2b0767b5c8d8ffb9c8b683088ea9b29c5"},
]

[[package]]
name = "starlette"
version = "0.41.3"
requires_python = ">=3.8"
summary = "The little ASGI library that shines."
groups = ["default"]
dependencies = [
    "anyio<5,>=3.4.0",
    "typing-extensions>=3.10.0; python_version < \"3.10\"",
]
files = [
    {file = "starlette-0.41.3-py3-none-any.whl", hash = "sha256:44cedb2b7c77a9de33a8b74b2b90e9f50d11fcf25d8270ea525ad71a25374ff7"},
    {file = "starlette-0.41.3.tar.gz", hash = "sha256:0e4ab3d16522a255be6b28260b938eae2482f98ce5cc934cb08dce8dc3ba5835"},
]

[[package]]
name = "trio"
version = "0.28.0"
requires_python = ">=3.9"
summary = "A friendly Python library for async concurrency and I/O"
groups = ["default"]
dependencies = [
    "attrs>=23.2.0",
    "cffi>=1.14; os_name == \"nt\" and implementation_name != \"pypy\"",
    "exceptiongroup; python_version < \"3.11\"",
    "idna",
    "outcome",
    "sniffio>=1.3.0",
    "sortedcontainers",
]
files = [
    {file = "trio-0.28.0-py3-none-any.whl", hash = "sha256:56d58977acc1635735a96581ec70513cc781b8b6decd299c487d3be2a721cd94"},
    {file = "trio-0.28.0.tar.gz", hash = "sha256:4e547896fe9e8a5658e54e4c7c5fa1db748cbbbaa7c965e7d40505b928c73c05"},
]

[[package]]
name = "typing-extensions"
version = "4.12.2"
requires_python = ">=3.8"
summary = "Backported and Experimental Type Hints for Python 3.8+"
groups = ["default"]
files = [
    {file = "typing_extensions-4.12.2-py3-none-any.whl", hash = "sha256:04e5ca0351e0f3f85c6853954072df659d0d13fac324d0072316b67d7794700d"},
    {file = "typing_extensions-4.12.2.tar.gz", hash = "sha256:1a7ead55c7e559dd4dee8856e3a88b41225abfe1ce8df57b7c13915fe121ffb8"},
]

[[package]]
name = "uvicorn"
version = "0.32.1"
requires_python = ">=3.8"
summary = "The lightning-fast ASGI server."
groups = ["default"]
dependencies = [
    "click>=7.0",
    "h11>=0.8",
    "typing-extensions>=4.0; python_version < \"3.11\"",
]
files = [
    {file = "uvicorn-0.32.1-py3-none-any.whl", hash = "sha256:82ad92fd58da0d12af7482ecdb5f2470a04c9c9a53ced65b9bbb4a205377602e"},
    {file = "uvicorn-0.32.1.tar.gz", hash = "sha256:ee9519c246a72b1c084cea8d3b44ed6026e78a4a309cbedae9c37e4cb9fbb175"},
]

[[package]]
name = "websockets"
version = "14.1"
requires_python = ">=3.9"
summary = "An implementation of the WebSocket Protocol (RFC 6455 & 7692)"
groups = ["default"]
files = [
    {file = "websockets-14.1-cp312-cp312-macosx_10_13_universal2.whl", hash = "sha256:ed907449fe5e021933e46a3e65d651f641975a768d0649fee59f10c2985529ed"},
    {file = "websockets-14.1-cp312-cp312-macosx_10_13_x86_64.whl", hash = "sha256:87e31011b5c14a33b29f17eb48932e63e1dcd3fa31d72209848652310d3d1f0d"},
    {file = "websockets-14.1-cp312-cp312-macosx_11_0_arm64.whl", hash = "sha256:bc6ccf7d54c02ae47a48ddf9414c54d48af9c01076a2e1023e3b486b6e72c707"},
    {file = "websockets-14.1-cp312-cp312-manylinux_2_17_aarch64.manylinux2014_aarch64.whl", hash = "sha256:9777564c0a72a1d457f0848977a1cbe15cfa75fa2f67ce267441e465717dcf1a"},
    {file = "websockets-14.1-cp312-cp312-manylinux_2_5_i686.manylinux1_i686.manylinux_2_17_i686.manylinux2014_i686.whl", hash = "sha256:a655bde548ca98f55b43711b0ceefd2a88a71af6350b0c168aa77562104f3f45"},
    {file = "websockets-14.1-cp312-cp312-manylinux_2_5_x86_64.manylinux1_x86_64.manylinux_2_17_x86_64.manylinux2014_x86_64.whl", hash = "sha256:a3dfff83ca578cada2d19e665e9c8368e1598d4e787422a460ec70e531dbdd58"},
    {file = "websockets-14.1-cp312-cp312-musllinux_1_2_aarch64.whl", hash = "sha256:6a6c9bcf7cdc0fd41cc7b7944447982e8acfd9f0d560ea6d6845428ed0562058"},
    {file = "websockets-14.1-cp312-cp312-musllinux_1_2_i686.whl", hash = "sha256:4b6caec8576e760f2c7dd878ba817653144d5f369200b6ddf9771d64385b84d4"},
    {file = "websockets-14.1-cp312-cp312-musllinux_1_2_x86_64.whl", hash = "sha256:eb6d38971c800ff02e4a6afd791bbe3b923a9a57ca9aeab7314c21c84bf9ff05"},
    {file = "websockets-14.1-cp312-cp312-win32.whl", hash = "sha256:1d045cbe1358d76b24d5e20e7b1878efe578d9897a25c24e6006eef788c0fdf0"},
    {file = "websockets-14.1-cp312-cp312-win_amd64.whl", hash = "sha256:90f4c7a069c733d95c308380aae314f2cb45bd8a904fb03eb36d1a4983a4993f"},
    {file = "websockets-14.1-py3-none-any.whl", hash = "sha256:4d4fc827a20abe6d544a119896f6b78ee13fe81cbfef416f3f2ddf09a03f0e2e"},
    {file = "websockets-14.1.tar.gz", hash = "sha256:398b10c77d471c0aab20a845e7a60076b6390bfdaac7a6d2edb0d2c59d75e8d8"},
]
